
Microsoft Visual Studio Solution File, Format Version 12.00
# Visual Studio Version 17
VisualStudioVersion = 17.5.33424.131
MinimumVisualStudioVersion = 10.0.40219.1
Project("{8BC9CEB8-8B4A-11D0-8D11-00A0C91BC942}") = "KeyHook", "KeyHook\KeyHook.vcxproj", "{125B5757-19DC-4D03-A382-5648B81FDD54}"
EndProject
Project("{8BC9CEB8-8B4A-11D0-8D11-00A0C91BC942}") = "HEMacro", "HEMacro\HEMacro.vcxproj", "{102758A2-8632-4537-A248-765442B4D152}"
	ProjectSection(ProjectDependencies) = postProject
		{125B5757-19DC-4D03-A382-5648B81FDD54} = {125B5757-19DC-4D03-A382-5648B81FDD54}
	EndProjectSection
EndProject
Project("{8BC9CEB8-8B4A-11D0-8D11-00A0C91BC942}") = "HEMacroConsole", "HEMacroConsole\HEMacroConsole.vcxproj", "{EB0675AB-078F-4C7C-9D19-0EA889E25252}"
	ProjectSection(ProjectDependencies) = postProject
		{102758A2-8632-4537-A248-765442B4D152} = {102758A2-8632-4537-A248-765442B4D152}
		{125B5757-19DC-4D03-A382-5648B81FDD54} = {125B5757-19DC-4D03-A382-5648B81FDD54}
	EndProjectSection
EndProject
Project("{9A19103F-16F7-4668-BE54-9A1E7A4F7556}") = "HEMacroGUI", "HEMacroGUI\HEMacroGUI.csproj", "{FD40449D-F1B9-42EE-AE7E-CE6E0DBE1FC9}"
	ProjectSection(ProjectDependencies) = postProject
		{102758A2-8632-4537-A248-765442B4D152} = {102758A2-8632-4537-A248-765442B4D152}
		{125B5757-19DC-4D03-A382-5648B81FDD54} = {125B5757-19DC-4D03-A382-5648B81FDD54}
	EndProjectSection
EndProject
Global
	GlobalSection(SolutionConfigurationPlatforms) = preSolution
		Debug|Any CPU = Debug|Any CPU
		Debug|x64 = Debug|x64
		Debug|x86 = Debug|x86
		Release|Any CPU = Release|Any CPU
		Release|x64 = Release|x64
		Release|x86 = Release|x86
	EndGlobalSection
	GlobalSection(ProjectConfigurationPlatforms) = postSolution
		{125B5757-19DC-4D03-A382-5648B81FDD54}.Debug|Any CPU.ActiveCfg = Debug|x64
		{125B5757-19DC-4D03-A382-5648B81FDD54}.Debug|Any CPU.Build.0 = Debug|x64
		{125B5757-19DC-4D03-A382-5648B81FDD54}.Debug|x64.ActiveCfg = Debug|x64
		{125B5757-19DC-4D03-A382-5648B81FDD54}.Debug|x64.Build.0 = Debug|x64
		{125B5757-19DC-4D03-A382-5648B81FDD54}.Debug|x86.ActiveCfg = Debug|Win32
		{125B5757-19DC-4D03-A382-5648B81FDD54}.Debug|x86.Build.0 = Debug|Win32
		{125B5757-19DC-4D03-A382-5648B81FDD54}.Release|Any CPU.ActiveCfg = Release|x64
		{125B5757-19DC-4D03-A382-5648B81FDD54}.Release|Any CPU.Build.0 = Release|x64
		{125B5757-19DC-4D03-A382-5648B81FDD54}.Release|x64.ActiveCfg = Release|x64
		{125B5757-19DC-4D03-A382-5648B81FDD54}.Release|x64.Build.0 = Release|x64
		{125B5757-19DC-4D03-A382-5648B81FDD54}.Release|x86.ActiveCfg = Release|Win32
		{125B5757-19DC-4D03-A382-5648B81FDD54}.Release|x86.Build.0 = Release|Win32
		{102758A2-8632-4537-A248-765442B4D152}.Debug|Any CPU.ActiveCfg = Debug|x64
		{102758A2-8632-4537-A248-765442B4D152}.Debug|Any CPU.Build.0 = Debug|x64
		{102758A2-8632-4537-A248-765442B4D152}.Debug|x64.ActiveCfg = Debug|x64
		{102758A2-8632-4537-A248-765442B4D152}.Debug|x64.Build.0 = Debug|x64
		{102758A2-8632-4537-A248-765442B4D152}.Debug|x86.ActiveCfg = Debug|Win32
		{102758A2-8632-4537-A248-765442B4D152}.Debug|x86.Build.0 = Debug|Win32
		{102758A2-8632-4537-A248-765442B4D152}.Release|Any CPU.ActiveCfg = Release|x64
		{102758A2-8632-4537-A248-765442B4D152}.Release|Any CPU.Build.0 = Release|x64
		{102758A2-8632-4537-A248-765442B4D152}.Release|x64.ActiveCfg = Release|x64
		{102758A2-8632-4537-A248-765442B4D152}.Release|x64.Build.0 = Release|x64
		{102758A2-8632-4537-A248-765442B4D152}.Release|x86.ActiveCfg = Release|Win32
		{102758A2-8632-4537-A248-765442B4D152}.Release|x86.Build.0 = Release|Win32
		{EB0675AB-078F-4C7C-9D19-0EA889E25252}.Debug|Any CPU.ActiveCfg = Debug|x64
		{EB0675AB-078F-4C7C-9D19-0EA889E25252}.Debug|Any CPU.Build.0 = Debug|x64
		{EB0675AB-078F-4C7C-9D19-0EA889E25252}.Debug|x64.ActiveCfg = Debug|x64
		{EB0675AB-078F-4C7C-9D19-0EA889E25252}.Debug|x64.Build.0 = Debug|x64
		{EB0675AB-078F-4C7C-9D19-0EA889E25252}.Debug|x86.ActiveCfg = Debug|Win32
		{EB0675AB-078F-4C7C-9D19-0EA889E25252}.Debug|x86.Build.0 = Debug|Win32
		{EB0675AB-078F-4C7C-9D19-0EA889E25252}.Release|Any CPU.ActiveCfg = Release|x64
		{EB0675AB-078F-4C7C-9D19-0EA889E25252}.Release|Any CPU.Build.0 = Release|x64
		{EB0675AB-078F-4C7C-9D19-0EA889E25252}.Release|x64.ActiveCfg = Release|x64
		{EB0675AB-078F-4C7C-9D19-0EA889E25252}.Release|x64.Build.0 = Release|x64
		{EB0675AB-078F-4C7C-9D19-0EA889E25252}.Release|x86.ActiveCfg = Release|Win32
		{EB0675AB-078F-4C7C-9D19-0EA889E25252}.Release|x86.Build.0 = Release|Win32
		{FD40449D-F1B9-42EE-AE7E-CE6E0DBE1FC9}.Debug|Any CPU.ActiveCfg = Debug|Any CPU
		{FD40449D-F1B9-42EE-AE7E-CE6E0DBE1FC9}.Debug|Any CPU.Build.0 = Debug|Any CPU
		{FD40449D-F1B9-42EE-AE7E-CE6E0DBE1FC9}.Debug|x64.ActiveCfg = Debug|Any CPU
		{FD40449D-F1B9-42EE-AE7E-CE6E0DBE1FC9}.Debug|x64.Build.0 = Debug|Any CPU
		{FD40449D-F1B9-42EE-AE7E-CE6E0DBE1FC9}.Debug|x86.ActiveCfg = Debug|Any CPU
		{FD40449D-F1B9-42EE-AE7E-CE6E0DBE1FC9}.Debug|x86.Build.0 = Debug|Any CPU
		{FD40449D-F1B9-42EE-AE7E-CE6E0DBE1FC9}.Release|Any CPU.ActiveCfg = Release|Any CPU
		{FD40449D-F1B9-42EE-AE7E-CE6E0DBE1FC9}.Release|Any CPU.Build.0 = Release|Any CPU
		{FD40449D-F1B9-42EE-AE7E-CE6E0DBE1FC9}.Release|x64.ActiveCfg = Release|Any CPU
		{FD40449D-F1B9-42EE-AE7E-CE6E0DBE1FC9}.Release|x64.Build.0 = Release|Any CPU
		{FD40449D-F1B9-42EE-AE7E-CE6E0DBE1FC9}.Release|x86.ActiveCfg = Release|Any CPU
		{FD40449D-F1B9-42EE-AE7E-CE6E0DBE1FC9}.Release|x86.Build.0 = Release|Any CPU
	EndGlobalSection
	GlobalSection(SolutionProperties) = preSolution
		HideSolutionNode = FALSE
	EndGlobalSection
	GlobalSection(ExtensibilityGlobals) = postSolution
		SolutionGuid = {EA5820A4-56E6-48D8-A9A3-FE3D3BA7F557}
	EndGlobalSection
EndGlobal
